Microsoft Visual Studio Solution File, Format Version 11.00
# Visual Studio 2008

Project("{825A6F7F-5AD2-1F22-7308-FF0DB0DCDE7A}") = "NazoPon", "Assembly-CSharp-firstpass-vs.csproj", "{6A99E07C-62F0-1DB1-BC0A-C9231383A25D}"
EndProject
Project("{825A6F7F-5AD2-1F22-7308-FF0DB0DCDE7A}") = "NazoPon", "Assembly-CSharp-vs.csproj", "{386042E5-9A13-FDEB-C773-AD246660C0BF}"
EndProject
Global
	GlobalSection(SolutionConfigurationPlatforms) = preSolution
		Debug|Any CPU = Debug|Any CPU
		Release|Any CPU = Release|Any CPU
	EndGlobalSection
	GlobalSection(ProjectConfigurationPlatforms) = postSolution
		{6A99E07C-62F0-1DB1-BC0A-C9231383A25D}.Debug|Any CPU.ActiveCfg = Debug|Any CPU
		{6A99E07C-62F0-1DB1-BC0A-C9231383A25D}.Debug|Any CPU.Build.0 = Debug|Any CPU
		{6A99E07C-62F0-1DB1-BC0A-C9231383A25D}.Release|Any CPU.ActiveCfg = Release|Any CPU
		{6A99E07C-62F0-1DB1-BC0A-C9231383A25D}.Release|Any CPU.Build.0 = Release|Any CPU
		{386042E5-9A13-FDEB-C773-AD246660C0BF}.Debug|Any CPU.ActiveCfg = Debug|Any CPU
		{386042E5-9A13-FDEB-C773-AD246660C0BF}.Debug|Any CPU.Build.0 = Debug|Any CPU
		{386042E5-9A13-FDEB-C773-AD246660C0BF}.Release|Any CPU.ActiveCfg = Release|Any CPU
		{386042E5-9A13-FDEB-C773-AD246660C0BF}.Release|Any CPU.Build.0 = Release|Any CPU
	EndGlobalSection
	GlobalSection(SolutionProperties) = preSolution
		HideSolutionNode = FALSE
	EndGlobalSection
																				GlobalSection(MonoDevelopProperties) = preSolution
		StartupItem = Assembly-CSharp.csproj
		Policies = $0
		$0.TextStylePolicy = $1
		$1.inheritsSet = null
		$1.scope = text/x-csharp
		$0.CSharpFormattingPolicy = $2
		$2.inheritsSet = Mono
		$2.inheritsScope = text/x-csharp
		$2.scope = text/x-csharp
		$0.TextStylePolicy = $3
		$3.FileWidth = 120
		$3.TabWidth = 4
		$3.EolMarker = Unix
		$3.inheritsSet = Mono
		$3.inheritsScope = text/plain
		$3.scope = text/plain
	EndGlobalSection

EndGlobal
